
Microsoft Visual Studio Solution File, Format Version 12.00
# Visual Studio Version 17
VisualStudioVersion = 17.12.35521.163
MinimumVisualStudioVersion = 10.0.40219.1
Project("{2150E333-8FDC-42A3-9474-1A3956D46DE8}") = "Src", "Src", "{CA5E5D54-AA62-4FB1-B2FF-355E844736A0}"
EndProject
Project("{2150E333-8FDC-42A3-9474-1A3956D46DE8}") = "0.Framework", "0.Framework", "{DBA92F74-E68E-40A6-B15A-0319C6ECD45D}"
EndProject
Project("{2150E333-8FDC-42A3-9474-1A3956D46DE8}") = "1.Domain", "1.Domain", "{D620679E-BE12-401E-A2B2-4DDBA0900C1B}"
EndProject
Project("{2150E333-8FDC-42A3-9474-1A3956D46DE8}") = "2.Infrastructure", "2.Infrastructure", "{A8718409-BC07-4FC3-B49E-F121FCFB98E4}"
EndProject
Project("{2150E333-8FDC-42A3-9474-1A3956D46DE8}") = "3.Endpoints", "3.Endpoints", "{F4272D7E-FF0A-492E-8E82-871D71085FE4}"
EndProject
Project("{2150E333-8FDC-42A3-9474-1A3956D46DE8}") = "Core", "Core", "{2E3F3FBF-9051-4708-ACDF-551E41E637B0}"
EndProject
Project("{FAE04EC0-301F-11D3-BF4B-00C04F79EFBC}") = "HW-20.Domain", "..\1.Domain\Core\HW-20.Domain\HW-20.Domain.csproj", "{9931C61B-6FCF-4E28-AB71-9708695BF3AA}"
EndProject
Project("{FAE04EC0-301F-11D3-BF4B-00C04F79EFBC}") = "HW-20.Infrastructure", "..\2.Infrastructure\HW-20.Infrastructure\HW-20.Infrastructure.csproj", "{95714A12-BFE0-487F-BCF9-84CF97FD2B18}"
EndProject
Project("{FAE04EC0-301F-11D3-BF4B-00C04F79EFBC}") = "Find-HW-20", "..\3.Endpoints\Find-HW-20\Find-HW-20.csproj", "{2CC46C17-39EB-4AA6-8CE4-96E894F4FC0E}"
EndProject
Project("{2150E333-8FDC-42A3-9474-1A3956D46DE8}") = "Services", "Services", "{88430275-96EE-45C7-942C-5B0D497FEE41}"
EndProject
Project("{FAE04EC0-301F-11D3-BF4B-00C04F79EFBC}") = "HW-20.Service", "..\1.Domain\Services\HW-20.Service\HW-20.Service.csproj", "{71B5BFB6-E8FF-43CA-ADBA-85FE5C936D81}"
EndProject
Project("{FAE04EC0-301F-11D3-BF4B-00C04F79EFBC}") = "HW-21-API", "..\HW-21-API\HW-21-API.csproj", "{8E5475CB-D0E3-4A2F-BFCD-AB812821530C}"
EndProject
Project("{FAE04EC0-301F-11D3-BF4B-00C04F79EFBC}") = "Identites", "..\Identites\Identites.csproj", "{D1FC0E81-E3D8-41CF-8A63-FBA0124147B1}"
EndProject
Global
	GlobalSection(SolutionConfigurationPlatforms) = preSolution
		Debug|Any CPU = Debug|Any CPU
		Release|Any CPU = Release|Any CPU
	EndGlobalSection
	GlobalSection(ProjectConfigurationPlatforms) = postSolution
		{9931C61B-6FCF-4E28-AB71-9708695BF3AA}.Debug|Any CPU.ActiveCfg = Debug|Any CPU
		{9931C61B-6FCF-4E28-AB71-9708695BF3AA}.Debug|Any CPU.Build.0 = Debug|Any CPU
		{9931C61B-6FCF-4E28-AB71-9708695BF3AA}.Release|Any CPU.ActiveCfg = Release|Any CPU
		{9931C61B-6FCF-4E28-AB71-9708695BF3AA}.Release|Any CPU.Build.0 = Release|Any CPU
		{95714A12-BFE0-487F-BCF9-84CF97FD2B18}.Debug|Any CPU.ActiveCfg = Debug|Any CPU
		{95714A12-BFE0-487F-BCF9-84CF97FD2B18}.Debug|Any CPU.Build.0 = Debug|Any CPU
		{95714A12-BFE0-487F-BCF9-84CF97FD2B18}.Release|Any CPU.ActiveCfg = Release|Any CPU
		{95714A12-BFE0-487F-BCF9-84CF97FD2B18}.Release|Any CPU.Build.0 = Release|Any CPU
		{2CC46C17-39EB-4AA6-8CE4-96E894F4FC0E}.Debug|Any CPU.ActiveCfg = Debug|Any CPU
		{2CC46C17-39EB-4AA6-8CE4-96E894F4FC0E}.Debug|Any CPU.Build.0 = Debug|Any CPU
		{2CC46C17-39EB-4AA6-8CE4-96E894F4FC0E}.Release|Any CPU.ActiveCfg = Release|Any CPU
		{2CC46C17-39EB-4AA6-8CE4-96E894F4FC0E}.Release|Any CPU.Build.0 = Release|Any CPU
		{71B5BFB6-E8FF-43CA-ADBA-85FE5C936D81}.Debug|Any CPU.ActiveCfg = Debug|Any CPU
		{71B5BFB6-E8FF-43CA-ADBA-85FE5C936D81}.Debug|Any CPU.Build.0 = Debug|Any CPU
		{71B5BFB6-E8FF-43CA-ADBA-85FE5C936D81}.Release|Any CPU.ActiveCfg = Release|Any CPU
		{71B5BFB6-E8FF-43CA-ADBA-85FE5C936D81}.Release|Any CPU.Build.0 = Release|Any CPU
		{8E5475CB-D0E3-4A2F-BFCD-AB812821530C}.Debug|Any CPU.ActiveCfg = Debug|Any CPU
		{8E5475CB-D0E3-4A2F-BFCD-AB812821530C}.Debug|Any CPU.Build.0 = Debug|Any CPU
		{8E5475CB-D0E3-4A2F-BFCD-AB812821530C}.Release|Any CPU.ActiveCfg = Release|Any CPU
		{8E5475CB-D0E3-4A2F-BFCD-AB812821530C}.Release|Any CPU.Build.0 = Release|Any CPU
		{D1FC0E81-E3D8-41CF-8A63-FBA0124147B1}.Debug|Any CPU.ActiveCfg = Debug|Any CPU
		{D1FC0E81-E3D8-41CF-8A63-FBA0124147B1}.Debug|Any CPU.Build.0 = Debug|Any CPU
		{D1FC0E81-E3D8-41CF-8A63-FBA0124147B1}.Release|Any CPU.ActiveCfg = Release|Any CPU
		{D1FC0E81-E3D8-41CF-8A63-FBA0124147B1}.Release|Any CPU.Build.0 = Release|Any CPU
	EndGlobalSection
	GlobalSection(SolutionProperties) = preSolution
		HideSolutionNode = FALSE
	EndGlobalSection
	GlobalSection(NestedProjects) = preSolution
		{DBA92F74-E68E-40A6-B15A-0319C6ECD45D} = {CA5E5D54-AA62-4FB1-B2FF-355E844736A0}
		{D620679E-BE12-401E-A2B2-4DDBA0900C1B} = {CA5E5D54-AA62-4FB1-B2FF-355E844736A0}
		{A8718409-BC07-4FC3-B49E-F121FCFB98E4} = {CA5E5D54-AA62-4FB1-B2FF-355E844736A0}
		{F4272D7E-FF0A-492E-8E82-871D71085FE4} = {CA5E5D54-AA62-4FB1-B2FF-355E844736A0}
		{2E3F3FBF-9051-4708-ACDF-551E41E637B0} = {D620679E-BE12-401E-A2B2-4DDBA0900C1B}
		{9931C61B-6FCF-4E28-AB71-9708695BF3AA} = {2E3F3FBF-9051-4708-ACDF-551E41E637B0}
		{95714A12-BFE0-487F-BCF9-84CF97FD2B18} = {A8718409-BC07-4FC3-B49E-F121FCFB98E4}
		{2CC46C17-39EB-4AA6-8CE4-96E894F4FC0E} = {F4272D7E-FF0A-492E-8E82-871D71085FE4}
		{88430275-96EE-45C7-942C-5B0D497FEE41} = {D620679E-BE12-401E-A2B2-4DDBA0900C1B}
		{71B5BFB6-E8FF-43CA-ADBA-85FE5C936D81} = {88430275-96EE-45C7-942C-5B0D497FEE41}
		{8E5475CB-D0E3-4A2F-BFCD-AB812821530C} = {F4272D7E-FF0A-492E-8E82-871D71085FE4}
		{D1FC0E81-E3D8-41CF-8A63-FBA0124147B1} = {F4272D7E-FF0A-492E-8E82-871D71085FE4}
	EndGlobalSection
EndGlobal
